# This file is automatically @generated by Cargo.
# It is not intended for manual editing.
version = 3

[[package]]
name = "natural"
version = "0.3.0"
source = "registry+https://github.com/rust-lang/crates.io-index"
checksum = "fd659d7d6b4554da2c0e7a486d5952b24dfce0e0bac88ab53b270f4efe1010a6"

[[package]]
name = "rs_natural_sandbox"
version = "0.1.0"
dependencies = [
 "natural",
]
